
Microsoft Visual Studio Solution File, Format Version 12.00
# Visual Studio Version 17
VisualStudioVersion = 17.0.31903.59
MinimumVisualStudioVersion = 10.0.40219.1
Project("{2150E333-8FDC-42A3-9474-1A3956D46DE8}") = "src", "src", "{E3B94727-C897-4EEF-8671-BB1B676167A1}"
EndProject
Project("{FAE04EC0-301F-11D3-BF4B-00C04F79EFBC}") = "Steganography.Core", "src\Core\Steganography.Core.csproj", "{AA55822E-1C00-4D60-9734-A85B1843B8F8}"
EndProject
Project("{FAE04EC0-301F-11D3-BF4B-00C04F79EFBC}") = "Steganography.Shared", "src\Shared\Steganography.Shared.csproj", "{1CA56A43-D038-411C-9694-F469B753EBF2}"
EndProject
Project("{FAE04EC0-301F-11D3-BF4B-00C04F79EFBC}") = "Steganography.CLI", "src\CLI\Steganography.CLI.csproj", "{46620081-5E58-42D0-8B17-9FCEDA1128B7}"
EndProject
Project("{FAE04EC0-301F-11D3-BF4B-00C04F79EFBC}") = "Steganography.UI", "src\UI\Steganography.UI.csproj", "{83877A33-7002-47E2-975E-686103F7257E}"
EndProject
Project("{2150E333-8FDC-42A3-9474-1A3956D46DE8}") = "tests", "tests", "{0AB3BF05-4346-4AA6-1389-037BE0695223}"
EndProject
Project("{2150E333-8FDC-42A3-9474-1A3956D46DE8}") = "Tests", "Tests", "{EC10624D-81B3-6534-873E-E7707B308740}"
EndProject
Project("{FAE04EC0-301F-11D3-BF4B-00C04F79EFBC}") = "Steganography.Tests", "tests\Tests\Steganography.Tests.csproj", "{3D1EF02C-ABC6-440B-80CA-A4BEBA0D8FA0}"
EndProject
Global
	GlobalSection(SolutionConfigurationPlatforms) = preSolution
		Debug|Any CPU = Debug|Any CPU
		Debug|x64 = Debug|x64
		Debug|x86 = Debug|x86
		Release|Any CPU = Release|Any CPU
		Release|x64 = Release|x64
		Release|x86 = Release|x86
	EndGlobalSection
	GlobalSection(ProjectConfigurationPlatforms) = postSolution
		{AA55822E-1C00-4D60-9734-A85B1843B8F8}.Debug|Any CPU.ActiveCfg = Debug|Any CPU
		{AA55822E-1C00-4D60-9734-A85B1843B8F8}.Debug|Any CPU.Build.0 = Debug|Any CPU
		{AA55822E-1C00-4D60-9734-A85B1843B8F8}.Debug|x64.ActiveCfg = Debug|Any CPU
		{AA55822E-1C00-4D60-9734-A85B1843B8F8}.Debug|x64.Build.0 = Debug|Any CPU
		{AA55822E-1C00-4D60-9734-A85B1843B8F8}.Debug|x86.ActiveCfg = Debug|Any CPU
		{AA55822E-1C00-4D60-9734-A85B1843B8F8}.Debug|x86.Build.0 = Debug|Any CPU
		{AA55822E-1C00-4D60-9734-A85B1843B8F8}.Release|Any CPU.ActiveCfg = Release|Any CPU
		{AA55822E-1C00-4D60-9734-A85B1843B8F8}.Release|Any CPU.Build.0 = Release|Any CPU
		{AA55822E-1C00-4D60-9734-A85B1843B8F8}.Release|x64.ActiveCfg = Release|Any CPU
		{AA55822E-1C00-4D60-9734-A85B1843B8F8}.Release|x64.Build.0 = Release|Any CPU
		{AA55822E-1C00-4D60-9734-A85B1843B8F8}.Release|x86.ActiveCfg = Release|Any CPU
		{AA55822E-1C00-4D60-9734-A85B1843B8F8}.Release|x86.Build.0 = Release|Any CPU
		{1CA56A43-D038-411C-9694-F469B753EBF2}.Debug|Any CPU.ActiveCfg = Debug|Any CPU
		{1CA56A43-D038-411C-9694-F469B753EBF2}.Debug|Any CPU.Build.0 = Debug|Any CPU
		{1CA56A43-D038-411C-9694-F469B753EBF2}.Debug|x64.ActiveCfg = Debug|Any CPU
		{1CA56A43-D038-411C-9694-F469B753EBF2}.Debug|x64.Build.0 = Debug|Any CPU
		{1CA56A43-D038-411C-9694-F469B753EBF2}.Debug|x86.ActiveCfg = Debug|Any CPU
		{1CA56A43-D038-411C-9694-F469B753EBF2}.Debug|x86.Build.0 = Debug|Any CPU
		{1CA56A43-D038-411C-9694-F469B753EBF2}.Release|Any CPU.ActiveCfg = Release|Any CPU
		{1CA56A43-D038-411C-9694-F469B753EBF2}.Release|Any CPU.Build.0 = Release|Any CPU
		{1CA56A43-D038-411C-9694-F469B753EBF2}.Release|x64.ActiveCfg = Release|Any CPU
		{1CA56A43-D038-411C-9694-F469B753EBF2}.Release|x64.Build.0 = Release|Any CPU
		{1CA56A43-D038-411C-9694-F469B753EBF2}.Release|x86.ActiveCfg = Release|Any CPU
		{1CA56A43-D038-411C-9694-F469B753EBF2}.Release|x86.Build.0 = Release|Any CPU
		{46620081-5E58-42D0-8B17-9FCEDA1128B7}.Debug|Any CPU.ActiveCfg = Debug|Any CPU
		{46620081-5E58-42D0-8B17-9FCEDA1128B7}.Debug|Any CPU.Build.0 = Debug|Any CPU
		{46620081-5E58-42D0-8B17-9FCEDA1128B7}.Debug|x64.ActiveCfg = Debug|Any CPU
		{46620081-5E58-42D0-8B17-9FCEDA1128B7}.Debug|x64.Build.0 = Debug|Any CPU
		{46620081-5E58-42D0-8B17-9FCEDA1128B7}.Debug|x86.ActiveCfg = Debug|Any CPU
		{46620081-5E58-42D0-8B17-9FCEDA1128B7}.Debug|x86.Build.0 = Debug|Any CPU
		{46620081-5E58-42D0-8B17-9FCEDA1128B7}.Release|Any CPU.ActiveCfg = Release|Any CPU
		{46620081-5E58-42D0-8B17-9FCEDA1128B7}.Release|Any CPU.Build.0 = Release|Any CPU
		{46620081-5E58-42D0-8B17-9FCEDA1128B7}.Release|x64.ActiveCfg = Release|Any CPU
		{46620081-5E58-42D0-8B17-9FCEDA1128B7}.Release|x64.Build.0 = Release|Any CPU
		{46620081-5E58-42D0-8B17-9FCEDA1128B7}.Release|x86.ActiveCfg = Release|Any CPU
		{46620081-5E58-42D0-8B17-9FCEDA1128B7}.Release|x86.Build.0 = Release|Any CPU
		{83877A33-7002-47E2-975E-686103F7257E}.Debug|Any CPU.ActiveCfg = Debug|Any CPU
		{83877A33-7002-47E2-975E-686103F7257E}.Debug|Any CPU.Build.0 = Debug|Any CPU
		{83877A33-7002-47E2-975E-686103F7257E}.Debug|x64.ActiveCfg = Debug|Any CPU
		{83877A33-7002-47E2-975E-686103F7257E}.Debug|x64.Build.0 = Debug|Any CPU
		{83877A33-7002-47E2-975E-686103F7257E}.Debug|x86.ActiveCfg = Debug|Any CPU
		{83877A33-7002-47E2-975E-686103F7257E}.Debug|x86.Build.0 = Debug|Any CPU
		{83877A33-7002-47E2-975E-686103F7257E}.Release|Any CPU.ActiveCfg = Release|Any CPU
		{83877A33-7002-47E2-975E-686103F7257E}.Release|Any CPU.Build.0 = Release|Any CPU
		{83877A33-7002-47E2-975E-686103F7257E}.Release|x64.ActiveCfg = Release|Any CPU
		{83877A33-7002-47E2-975E-686103F7257E}.Release|x64.Build.0 = Release|Any CPU
		{83877A33-7002-47E2-975E-686103F7257E}.Release|x86.ActiveCfg = Release|Any CPU
		{83877A33-7002-47E2-975E-686103F7257E}.Release|x86.Build.0 = Release|Any CPU
		{3D1EF02C-ABC6-440B-80CA-A4BEBA0D8FA0}.Debug|Any CPU.ActiveCfg = Debug|Any CPU
		{3D1EF02C-ABC6-440B-80CA-A4BEBA0D8FA0}.Debug|Any CPU.Build.0 = Debug|Any CPU
		{3D1EF02C-ABC6-440B-80CA-A4BEBA0D8FA0}.Debug|x64.ActiveCfg = Debug|Any CPU
		{3D1EF02C-ABC6-440B-80CA-A4BEBA0D8FA0}.Debug|x64.Build.0 = Debug|Any CPU
		{3D1EF02C-ABC6-440B-80CA-A4BEBA0D8FA0}.Debug|x86.ActiveCfg = Debug|Any CPU
		{3D1EF02C-ABC6-440B-80CA-A4BEBA0D8FA0}.Debug|x86.Build.0 = Debug|Any CPU
		{3D1EF02C-ABC6-440B-80CA-A4BEBA0D8FA0}.Release|Any CPU.ActiveCfg = Release|Any CPU
		{3D1EF02C-ABC6-440B-80CA-A4BEBA0D8FA0}.Release|Any CPU.Build.0 = Release|Any CPU
		{3D1EF02C-ABC6-440B-80CA-A4BEBA0D8FA0}.Release|x64.ActiveCfg = Release|Any CPU
		{3D1EF02C-ABC6-440B-80CA-A4BEBA0D8FA0}.Release|x64.Build.0 = Release|Any CPU
		{3D1EF02C-ABC6-440B-80CA-A4BEBA0D8FA0}.Release|x86.ActiveCfg = Release|Any CPU
		{3D1EF02C-ABC6-440B-80CA-A4BEBA0D8FA0}.Release|x86.Build.0 = Release|Any CPU
	EndGlobalSection
	GlobalSection(SolutionProperties) = preSolution
		HideSolutionNode = FALSE
	EndGlobalSection
	GlobalSection(NestedProjects) = preSolution
		{AA55822E-1C00-4D60-9734-A85B1843B8F8} = {E3B94727-C897-4EEF-8671-BB1B676167A1}
		{1CA56A43-D038-411C-9694-F469B753EBF2} = {E3B94727-C897-4EEF-8671-BB1B676167A1}
		{46620081-5E58-42D0-8B17-9FCEDA1128B7} = {E3B94727-C897-4EEF-8671-BB1B676167A1}
		{83877A33-7002-47E2-975E-686103F7257E} = {E3B94727-C897-4EEF-8671-BB1B676167A1}
		{EC10624D-81B3-6534-873E-E7707B308740} = {0AB3BF05-4346-4AA6-1389-037BE0695223}
		{3D1EF02C-ABC6-440B-80CA-A4BEBA0D8FA0} = {EC10624D-81B3-6534-873E-E7707B308740}
	EndGlobalSection
EndGlobal
